// !$*UTF8*$!
{
	archiveVersion = 1;
	classes = {
	};
	objectVersion = 50;
	objects = {

/* Begin PBXBuildFile section */
		7A05099922118F060099B078 /* StoryData.swift in Sources */ = {isa = PBXBuildFile; fileRef = 7A05099822118F060099B078 /* StoryData.swift */; };
		7A8950452212C7C80090F2BA /* Post.swift in Sources */ = {isa = PBXBuildFile; fileRef = 7A8950442212C7C80090F2BA /* Post.swift */; };
		7A8950472212CCD30090F2BA /* PostData.swift in Sources */ = {isa = PBXBuildFile; fileRef = 7A8950462212CCD30090F2BA /* PostData.swift */; };
		7A9CC89222116F5600A64087 /* StoryCell.swift in Sources */ = {isa = PBXBuildFile; fileRef = 7A9CC89122116F5600A64087 /* StoryCell.swift */; };
		7A9CC89422116F6900A64087 /* PostCell.swift in Sources */ = {isa = PBXBuildFile; fileRef = 7A9CC89322116F6900A64087 /* PostCell.swift */; };
		7A9CC896221173D400A64087 /* StoryLayout.swift in Sources */ = {isa = PBXBuildFile; fileRef = 7A9CC895221173D400A64087 /* StoryLayout.swift */; };
		7A9CC898221173E700A64087 /* PostLayout.swift in Sources */ = {isa = PBXBuildFile; fileRef = 7A9CC897221173E700A64087 /* PostLayout.swift */; };
		7AA28F1D2213F0530040F845 /* NetworkProtocol.swift in Sources */ = {isa = PBXBuildFile; fileRef = 7AA28F1C2213F0530040F845 /* NetworkProtocol.swift */; };
		7AA28F1F2213F2B90040F845 /* NetworkManager.swift in Sources */ = {isa = PBXBuildFile; fileRef = 7AA28F1E2213F2B90040F845 /* NetworkManager.swift */; };
		7ABA9751220D89B200A77472 /* AppDelegate.swift in Sources */ = {isa = PBXBuildFile; fileRef = 7ABA9750220D89B200A77472 /* AppDelegate.swift */; };
		7ABA9753220D89B200A77472 /* HomeViewController.swift in Sources */ = {isa = PBXBuildFile; fileRef = 7ABA9752220D89B200A77472 /* HomeViewController.swift */; };
		7ABA9756220D89B200A77472 /* Main.storyboard in Resources */ = {isa = PBXBuildFile; fileRef = 7ABA9754220D89B200A77472 /* Main.storyboard */; };
		7ABA9758220D89BC00A77472 /* Assets.xcassets in Resources */ = {isa = PBXBuildFile; fileRef = 7ABA9757220D89BC00A77472 /* Assets.xcassets */; };
		7ABA975B220D89BC00A77472 /* LaunchScreen.storyboard in Resources */ = {isa = PBXBuildFile; fileRef = 7ABA9759220D89BC00A77472 /* LaunchScreen.storyboard */; };
		CD8FD0392FB8D0B63356531F /* Pods_Instagram.framework in Frameworks */ = {isa = PBXBuildFile; fileRef = 597E54E30A95E3DE301D744A /* Pods_Instagram.framework */; };
/* End PBXBuildFile section */

/* Begin PBXFileReference section */
		597E54E30A95E3DE301D744A /* Pods_Instagram.framework */ = {isa = PBXFileReference; explicitFileType = wrapper.framework; includeInIndex = 0; path = Pods_Instagram.framework; sourceTree = BUILT_PRODUCTS_DIR; };
		7A05099822118F060099B078 /* StoryData.swift */ = {isa = PBXFileReference; lastKnownFileType = sourcecode.swift; path = StoryData.swift; sourceTree = "<group>"; };
		7A8950442212C7C80090F2BA /* Post.swift */ = {isa = PBXFileReference; lastKnownFileType = sourcecode.swift; path = Post.swift; sourceTree = "<group>"; };
		7A8950462212CCD30090F2BA /* PostData.swift */ = {isa = PBXFileReference; lastKnownFileType = sourcecode.swift; path = PostData.swift; sourceTree = "<group>"; };
		7A9CC89122116F5600A64087 /* StoryCell.swift */ = {isa = PBXFileReference; lastKnownFileType = sourcecode.swift; path = StoryCell.swift; sourceTree = "<group>"; };
		7A9CC89322116F6900A64087 /* PostCell.swift */ = {isa = PBXFileReference; lastKnownFileType = sourcecode.swift; path = PostCell.swift; sourceTree = "<group>"; };
		7A9CC895221173D400A64087 /* StoryLayout.swift */ = {isa = PBXFileReference; lastKnownFileType = sourcecode.swift; path = StoryLayout.swift; sourceTree = "<group>"; };
		7A9CC897221173E700A64087 /* PostLayout.swift */ = {isa = PBXFileReference; lastKnownFileType = sourcecode.swift; path = PostLayout.swift; sourceTree = "<group>"; };
		7AA28F1C2213F0530040F845 /* NetworkProtocol.swift */ = {isa = PBXFileReference; lastKnownFileType = sourcecode.swift; path = NetworkProtocol.swift; sourceTree = "<group>"; };
		7AA28F1E2213F2B90040F845 /* NetworkManager.swift */ = {isa = PBXFileReference; lastKnownFileType = sourcecode.swift; path = NetworkManager.swift; sourceTree = "<group>"; };
		7ABA974D220D89B200A77472 /* Instagram.app */ = {isa = PBXFileReference; explicitFileType = wrapper.application; includeInIndex = 0; path = Instagram.app; sourceTree = BUILT_PRODUCTS_DIR; };
		7ABA9750220D89B200A77472 /* AppDelegate.swift */ = {isa = PBXFileReference; lastKnownFileType = sourcecode.swift; path = AppDelegate.swift; sourceTree = "<group>"; };
		7ABA9752220D89B200A77472 /* HomeViewController.swift */ = {isa = PBXFileReference; lastKnownFileType = sourcecode.swift; path = HomeViewController.swift; sourceTree = "<group>"; };
		7ABA9755220D89B200A77472 /* Base */ = {isa = PBXFileReference; lastKnownFileType = file.storyboard; name = Base; path = Base.lproj/Main.storyboard; sourceTree = "<group>"; };
		7ABA9757220D89BC00A77472 /* Assets.xcassets */ = {isa = PBXFileReference; lastKnownFileType = folder.assetcatalog; path = Assets.xcassets; sourceTree = "<group>"; };
		7ABA975A220D89BC00A77472 /* Base */ = {isa = PBXFileReference; lastKnownFileType = file.storyboard; name = Base; path = Base.lproj/LaunchScreen.storyboard; sourceTree = "<group>"; };
		7ABA975C220D89BC00A77472 /* Info.plist */ = {isa = PBXFileReference; lastKnownFileType = text.plist.xml; path = Info.plist; sourceTree = "<group>"; };
		A4542AAE53F654EF1C5A744D /* Pods-Instagram.release.xcconfig */ = {isa = PBXFileReference; includeInIndex = 1; lastKnownFileType = text.xcconfig; name = "Pods-Instagram.release.xcconfig"; path = "Target Support Files/Pods-Instagram/Pods-Instagram.release.xcconfig"; sourceTree = "<group>"; };
		D1D8FA3095A275D7D2938619 /* Pods-Instagram.debug.xcconfig */ = {isa = PBXFileReference; includeInIndex = 1; lastKnownFileType = text.xcconfig; name = "Pods-Instagram.debug.xcconfig"; path = "Target Support Files/Pods-Instagram/Pods-Instagram.debug.xcconfig"; sourceTree = "<group>"; };
/* End PBXFileReference section */

/* Begin PBXFrameworksBuildPhase section */
		7ABA974A220D89B200A77472 /* Frameworks */ = {
			isa = PBXFrameworksBuildPhase;
			buildActionMask = 2147483647;
			files = (
				CD8FD0392FB8D0B63356531F /* Pods_Instagram.framework in Frameworks */,
			);
			runOnlyForDeploymentPostprocessing = 0;
		};
/* End PBXFrameworksBuildPhase section */

/* Begin PBXGroup section */
		26384E797736EA43484AD710 /* Frameworks */ = {
			isa = PBXGroup;
			children = (
				597E54E30A95E3DE301D744A /* Pods_Instagram.framework */,
			);
			name = Frameworks;
			sourceTree = "<group>";
		};
		7A05099722118EE60099B078 /* Data */ = {
			isa = PBXGroup;
			children = (
				7A05099822118F060099B078 /* StoryData.swift */,
				7A8950442212C7C80090F2BA /* Post.swift */,
				7A8950462212CCD30090F2BA /* PostData.swift */,
			);
			path = Data;
			sourceTree = "<group>";
		};
		7A9CC88E22114ECC00A64087 /* Controllers */ = {
			isa = PBXGroup;
			children = (
				7ABA9752220D89B200A77472 /* HomeViewController.swift */,
			);
			path = Controllers;
			sourceTree = "<group>";
		};
		7A9CC88F22114F4100A64087 /* Layouts */ = {
			isa = PBXGroup;
			children = (
				7A9CC895221173D400A64087 /* StoryLayout.swift */,
				7A9CC897221173E700A64087 /* PostLayout.swift */,
			);
			path = Layouts;
			sourceTree = "<group>";
		};
		7A9CC89022114F4B00A64087 /* Views */ = {
			isa = PBXGroup;
			children = (
				7A9CC89122116F5600A64087 /* StoryCell.swift */,
				7A9CC89322116F6900A64087 /* PostCell.swift */,
			);
			path = Views;
			sourceTree = "<group>";
		};
		7AA28F1B2213F02A0040F845 /* NetworkFramework */ = {
			isa = PBXGroup;
			children = (
				7AA28F1C2213F0530040F845 /* NetworkProtocol.swift */,
				7AA28F1E2213F2B90040F845 /* NetworkManager.swift */,
			);
			path = NetworkFramework;
			sourceTree = "<group>";
		};
		7ABA9744220D89B200A77472 = {
			isa = PBXGroup;
			children = (
				7ABA974F220D89B200A77472 /* Instagram */,
				7ABA974E220D89B200A77472 /* Products */,
				8A78102E8D66E2B196F9B158 /* Pods */,
				26384E797736EA43484AD710 /* Frameworks */,
			);
			sourceTree = "<group>";
		};
		7ABA974E220D89B200A77472 /* Products */ = {
			isa = PBXGroup;
			children = (
				7ABA974D220D89B200A77472 /* Instagram.app */,
			);
			name = Products;
			sourceTree = "<group>";
		};
		7ABA974F220D89B200A77472 /* Instagram */ = {
			isa = PBXGroup;
			children = (
				7AA28F1B2213F02A0040F845 /* NetworkFramework */,
				7A05099722118EE60099B078 /* Data */,
				7A9CC89022114F4B00A64087 /* Views */,
				7A9CC88F22114F4100A64087 /* Layouts */,
				7A9CC88E22114ECC00A64087 /* Controllers */,
				7ABA9750220D89B200A77472 /* AppDelegate.swift */,
				7ABA9754220D89B200A77472 /* Main.storyboard */,
				7ABA9757220D89BC00A77472 /* Assets.xcassets */,
				7ABA9759220D89BC00A77472 /* LaunchScreen.storyboard */,
				7ABA975C220D89BC00A77472 /* Info.plist */,
			);
			path = Instagram;
			sourceTree = "<group>";
		};
		8A78102E8D66E2B196F9B158 /* Pods */ = {
			isa = PBXGroup;
			children = (
				D1D8FA3095A275D7D2938619 /* Pods-Instagram.debug.xcconfig */,
				A4542AAE53F654EF1C5A744D /* Pods-Instagram.release.xcconfig */,
			);
			path = Pods;
			sourceTree = "<group>";
		};
/* End PBXGroup section */

/* Begin PBXNativeTarget section */
		7ABA974C220D89B200A77472 /* Instagram */ = {
			isa = PBXNativeTarget;
			buildConfigurationList = 7ABA975F220D89BC00A77472 /* Build configuration list for PBXNativeTarget "Instagram" */;
			buildPhases = (
				D18B33390AA9B701D797C896 /* [CP] Check Pods Manifest.lock */,
				7ABA9749220D89B200A77472 /* Sources */,
				7ABA974A220D89B200A77472 /* Frameworks */,
				7ABA974B220D89B200A77472 /* Resources */,
				8715C1A02534AB58C0397340 /* [CP] Embed Pods Frameworks */,
			);
			buildRules = (
			);
			dependencies = (
			);
			name = Instagram;
			productName = Instagram;
			productReference = 7ABA974D220D89B200A77472 /* Instagram.app */;
			productType = "com.apple.product-type.application";
		};
/* End PBXNativeTarget section */

/* Begin PBXProject section */
		7ABA9745220D89B200A77472 /* Project object */ = {
			isa = PBXProject;
			attributes = {
				LastSwiftUpdateCheck = 1010;
				LastUpgradeCheck = 1010;
				ORGANIZATIONNAME = "Arpit Maheshwari";
				TargetAttributes = {
					7ABA974C220D89B200A77472 = {
						CreatedOnToolsVersion = 10.1;
					};
				};
			};
			buildConfigurationList = 7ABA9748220D89B200A77472 /* Build configuration list for PBXProject "Instagram" */;
			compatibilityVersion = "Xcode 9.3";
			developmentRegion = en;
			hasScannedForEncodings = 0;
			knownRegions = (
				en,
				Base,
			);
			mainGroup = 7ABA9744220D89B200A77472;
			productRefGroup = 7ABA974E220D89B200A77472 /* Products */;
			projectDirPath = "";
			projectRoot = "";
			targets = (
				7ABA974C220D89B200A77472 /* Instagram */,
			);
		};
/* End PBXProject section */

/* Begin PBXResourcesBuildPhase section */
		7ABA974B220D89B200A77472 /* Resources */ = {
			isa = PBXResourcesBuildPhase;
			buildActionMask = 2147483647;
			files = (
				7ABA975B220D89BC00A77472 /* LaunchScreen.storyboard in Resources */,
				7ABA9758220D89BC00A77472 /* Assets.xcassets in Resources */,
				7ABA9756220D89B200A77472 /* Main.storyboard in Resources */,
			);
			runOnlyForDeploymentPostprocessing = 0;
		};
/* End PBXResourcesBuildPhase section */

/* Begin PBXShellScriptBuildPhase section */
		8715C1A02534AB58C0397340 /* [CP] Embed Pods Frameworks */ = {
			isa = PBXShellScriptBuildPhase;
			buildActionMask = 2147483647;
			files = (
			);
			inputFileListPaths = (
			);
			inputPaths = (
				"${PODS_ROOT}/Target Support Files/Pods-Instagram/Pods-Instagram-frameworks.sh",
				"${BUILT_PRODUCTS_DIR}/Alamofire/Alamofire.framework",
				"${BUILT_PRODUCTS_DIR}/AlamofireImage/AlamofireImage.framework",
				"${BUILT_PRODUCTS_DIR}/ObjectMapper/ObjectMapper.framework",
				"${BUILT_PRODUCTS_DIR}/SwiftyJSON/SwiftyJSON.framework",
			);
			name = "[CP] Embed Pods Frameworks";
			outputFileListPaths = (
			);
			outputPaths = (
				"${TARGET_BUILD_DIR}/${FRAMEWORKS_FOLDER_PATH}/Alamofire.framework",
				"${TARGET_BUILD_DIR}/${FRAMEWORKS_FOLDER_PATH}/AlamofireImage.framework",
				"${TARGET_BUILD_DIR}/${FRAMEWORKS_FOLDER_PATH}/ObjectMapper.framework",
				"${TARGET_BUILD_DIR}/${FRAMEWORKS_FOLDER_PATH}/SwiftyJSON.framework",
			);
			runOnlyForDeploymentPostprocessing = 0;
			shellPath = /bin/sh;
			shellScript = "\"${PODS_ROOT}/Target Support Files/Pods-Instagram/Pods-Instagram-frameworks.sh\"\n";
			showEnvVarsInLog = 0;
		};
		D18B33390AA9B701D797C896 /* [CP] Check Pods Manifest.lock */ = {
			isa = PBXShellScriptBuildPhase;
			buildActionMask = 2147483647;
			files = (
			);
			inputFileListPaths = (
			);
			inputPaths = (
				"${PODS_PODFILE_DIR_PATH}/Podfile.lock",
				"${PODS_ROOT}/Manifest.lock",
			);
			name = "[CP] Check Pods Manifest.lock";
			outputFileListPaths = (
			);
			outputPaths = (
				"$(DERIVED_FILE_DIR)/Pods-Instagram-checkManifestLockResult.txt",
			);
			runOnlyForDeploymentPostprocessing = 0;
			shellPath = /bin/sh;
			shellScript = "diff \"${PODS_PODFILE_DIR_PATH}/Podfile.lock\" \"${PODS_ROOT}/Manifest.lock\" > /dev/null\nif [ $? != 0 ] ; then\n    # print error to STDERR\n    echo \"error: The sandbox is not in sync with the Podfile.lock. Run 'pod install' or update your CocoaPods installation.\" >&2\n    exit 1\nfi\n# This output is used by Xcode 'outputs' to avoid re-running this script phase.\necho \"SUCCESS\" > \"${SCRIPT_OUTPUT_FILE_0}\"\n";
			showEnvVarsInLog = 0;
		};
/* End PBXShellScriptBuildPhase section */

/* Begin PBXSourcesBuildPhase section */
		7ABA9749220D89B200A77472 /* Sources */ = {
			isa = PBXSourcesBuildPhase;
			buildActionMask = 2147483647;
			files = (
				7ABA9753220D89B200A77472 /* HomeViewController.swift in Sources */,
				7A8950472212CCD30090F2BA /* PostData.swift in Sources */,
				7AA28F1D2213F0530040F845 /* NetworkProtocol.swift in Sources */,
				7A9CC898221173E700A64087 /* PostLayout.swift in Sources */,
				7AA28F1F2213F2B90040F845 /* NetworkManager.swift in Sources */,
				7A9CC896221173D400A64087 /* StoryLayout.swift in Sources */,
				7ABA9751220D89B200A77472 /* AppDelegate.swift in Sources */,
				7A05099922118F060099B078 /* StoryData.swift in Sources */,
				7A9CC89222116F5600A64087 /* StoryCell.swift in Sources */,
				7A9CC89422116F6900A64087 /* PostCell.swift in Sources */,
				7A8950452212C7C80090F2BA /* Post.swift in Sources */,
			);
			runOnlyForDeploymentPostprocessing = 0;
		};
/* End PBXSourcesBuildPhase section */

/* Begin PBXVariantGroup section */
		7ABA9754220D89B200A77472 /* Main.storyboard */ = {
			isa = PBXVariantGroup;
			children = (
				7ABA9755220D89B200A77472 /* Base */,
			);
			name = Main.storyboard;
			sourceTree = "<group>";
		};
		7ABA9759220D89BC00A77472 /* LaunchScreen.storyboard */ = {
			isa = PBXVariantGroup;
			children = (
				7ABA975A220D89BC00A77472 /* Base */,
			);
			name = LaunchScreen.storyboard;
			sourceTree = "<group>";
		};
/* End PBXVariantGroup section */

/* Begin XCBuildConfiguration section */
		7ABA975D220D89BC00A77472 /* Debug */ = {
			isa = XCBuildConfiguration;
			buildSettings = {
				ALWAYS_SEARCH_USER_PATHS = NO;
				CLANG_ANALYZER_NONNULL = YES;
				CLANG_ANALYZER_NUMBER_OBJECT_CONVERSION = YES_AGGRESSIVE;
				CLANG_CXX_LANGUAGE_STANDARD = "gnu++14";
				CLANG_CXX_LIBRARY = "libc++";
				CLANG_ENABLE_MODULES = YES;
				CLANG_ENABLE_OBJC_ARC = YES;
				CLANG_ENABLE_OBJC_WEAK = YES;
				CLANG_WARN_BLOCK_CAPTURE_AUTORELEASING = YES;
				CLANG_WARN_BOOL_CONVERSION = YES;
				CLANG_WARN_COMMA = YES;
				CLANG_WARN_CONSTANT_CONVERSION = YES;
				CLANG_WARN_DEPRECATED_OBJC_IMPLEMENTATIONS = YES;
				CLANG_WARN_DIRECT_OBJC_ISA_USAGE = YES_ERROR;
				CLANG_WARN_DOCUMENTATION_COMMENTS = YES;
				CLANG_WARN_EMPTY_BODY = YES;
				CLANG_WARN_ENUM_CONVERSION = YES;
				CLANG_WARN_INFINITE_RECURSION = YES;
				CLANG_WARN_INT_CONVERSION = YES;
				CLANG_WARN_NON_LITERAL_NULL_CONVERSION = YES;
				CLANG_WARN_OBJC_IMPLICIT_RETAIN_SELF = YES;
				CLANG_WARN_OBJC_LITERAL_CONVERSION = YES;
				CLANG_WARN_OBJC_ROOT_CLASS = YES_ERROR;
				CLANG_WARN_RANGE_LOOP_ANALYSIS = YES;
				CLANG_WARN_STRICT_PROTOTYPES = YES;
				CLANG_WARN_SUSPICIOUS_MOVE = YES;
				CLANG_WARN_UNGUARDED_AVAILABILITY = YES_AGGRESSIVE;
				CLANG_WARN_UNREACHABLE_CODE = YES;
				CLANG_WARN__DUPLICATE_METHOD_MATCH = YES;
				CODE_SIGN_IDENTITY = "iPhone Developer";
				COPY_PHASE_STRIP = NO;
				DEBUG_INFORMATION_FORMAT = dwarf;
				ENABLE_STRICT_OBJC_MSGSEND = YES;
				ENABLE_TESTABILITY = YES;
				GCC_C_LANGUAGE_STANDARD = gnu11;
				GCC_DYNAMIC_NO_PIC = NO;
				GCC_NO_COMMON_BLOCKS = YES;
				GCC_OPTIMIZATION_LEVEL = 0;
				GCC_PREPROCESSOR_DEFINITIONS = (
					"DEBUG=1",
					"$(inherited)",
				);
				GCC_WARN_64_TO_32_BIT_CONVERSION = YES;
				GCC_WARN_ABOUT_RETURN_TYPE = YES_ERROR;
				GCC_WARN_UNDECLARED_SELECTOR = YES;
				GCC_WARN_UNINITIALIZED_AUTOS = YES_AGGRESSIVE;
				GCC_WARN_UNUSED_FUNCTION = YES;
				GCC_WARN_UNUSED_VARIABLE = YES;
				IPHONEOS_DEPLOYMENT_TARGET = 12.1;
				MTL_ENABLE_DEBUG_INFO = INCLUDE_SOURCE;
				MTL_FAST_MATH = YES;
				ONLY_ACTIVE_ARCH = YES;
				SDKROOT = iphoneos;
				SWIFT_ACTIVE_COMPILATION_CONDITIONS = DEBUG;
				SWIFT_OPTIMIZATION_LEVEL = "-Onone";
			};
			name = Debug;
		};
		7ABA975E220D89BC00A77472 /* Release */ = {
			isa = XCBuildConfiguration;
			buildSettings = {
				ALWAYS_SEARCH_USER_PATHS = NO;
				CLANG_ANALYZER_NONNULL = YES;
				CLANG_ANALYZER_NUMBER_OBJECT_CONVERSION = YES_AGGRESSIVE;
				CLANG_CXX_LANGUAGE_STANDARD = "gnu++14";
				CLANG_CXX_LIBRARY = "libc++";
				CLANG_ENABLE_MODULES = YES;
				CLANG_ENABLE_OBJC_ARC = YES;
				CLANG_ENABLE_OBJC_WEAK = YES;
				CLANG_WARN_BLOCK_CAPTURE_AUTORELEASING = YES;
				CLANG_WARN_BOOL_CONVERSION = YES;
				CLANG_WARN_COMMA = YES;
				CLANG_WARN_CONSTANT_CONVERSION = YES;
				CLANG_WARN_DEPRECATED_OBJC_IMPLEMENTATIONS = YES;
				CLANG_WARN_DIRECT_OBJC_ISA_USAGE = YES_ERROR;
				CLANG_WARN_DOCUMENTATION_COMMENTS = YES;
				CLANG_WARN_EMPTY_BODY = YES;
				CLANG_WARN_ENUM_CONVERSION = YES;
				CLANG_WARN_INFINITE_RECURSION = YES;
				CLANG_WARN_INT_CONVERSION = YES;
				CLANG_WARN_NON_LITERAL_NULL_CONVERSION = YES;
				CLANG_WARN_OBJC_IMPLICIT_RETAIN_SELF = YES;
				CLANG_WARN_OBJC_LITERAL_CONVERSION = YES;
				CLANG_WARN_OBJC_ROOT_CLASS = YES_ERROR;
				CLANG_WARN_RANGE_LOOP_ANALYSIS = YES;
				CLANG_WARN_STRICT_PROTOTYPES = YES;
				CLANG_WARN_SUSPICIOUS_MOVE = YES;
				CLANG_WARN_UNGUARDED_AVAILABILITY = YES_AGGRESSIVE;
				CLANG_WARN_UNREACHABLE_CODE = YES;
				CLANG_WARN__DUPLICATE_METHOD_MATCH = YES;
				CODE_SIGN_IDENTITY = "iPhone Developer";
				COPY_PHASE_STRIP = NO;
				DEBUG_INFORMATION_FORMAT = "dwarf-with-dsym";
				ENABLE_NS_ASSERTIONS = NO;
				ENABLE_STRICT_OBJC_MSGSEND = YES;
				GCC_C_LANGUAGE_STANDARD = gnu11;
				GCC_NO_COMMON_BLOCKS = YES;
				GCC_WARN_64_TO_32_BIT_CONVERSION = YES;
				GCC_WARN_ABOUT_RETURN_TYPE = YES_ERROR;
				GCC_WARN_UNDECLARED_SELECTOR = YES;
				GCC_WARN_UNINITIALIZED_AUTOS = YES_AGGRESSIVE;
				GCC_WARN_UNUSED_FUNCTION = YES;
				GCC_WARN_UNUSED_VARIABLE = YES;
				IPHONEOS_DEPLOYMENT_TARGET = 12.1;
				MTL_ENABLE_DEBUG_INFO = NO;
				MTL_FAST_MATH = YES;
				SDKROOT = iphoneos;
				SWIFT_COMPILATION_MODE = wholemodule;
				SWIFT_OPTIMIZATION_LEVEL = "-O";
				VALIDATE_PRODUCT = YES;
			};
			name = Release;
		};
		7ABA9760220D89BC00A77472 /* Debug */ = {
			isa = XCBuildConfiguration;
			baseConfigurationReference = D1D8FA3095A275D7D2938619 /* Pods-Instagram.debug.xcconfig */;
			buildSettings = {
				ASSETCATALOG_COMPILER_APPICON_NAME = AppIcon;
				CODE_SIGN_STYLE = Automatic;
				DEVELOPMENT_TEAM = XZ26JYG8YG;
				INFOPLIST_FILE = Instagram/Info.plist;
				IPHONEOS_DEPLOYMENT_TARGET = 11.0;
				LD_RUNPATH_SEARCH_PATHS = (
					"$(inherited)",
					"@executable_path/Frameworks",
				);
				PRODUCT_BUNDLE_IDENTIFIER = com.arpitmheshwari.Instagram;
				PRODUCT_NAME = "$(TARGET_NAME)";
				SWIFT_VERSION = 4.2;
				TARGETED_DEVICE_FAMILY = "1,2";
			};
			name = Debug;
		};
		7ABA9761220D89BC00A77472 /* Release */ = {
			isa = XCBuildConfiguration;
			baseConfigurationReference = A4542AAE53F654EF1C5A744D /* Pods-Instagram.release.xcconfig */;
			buildSettings = {
				ASSETCATALOG_COMPILER_APPICON_NAME = AppIcon;
				CODE_SIGN_STYLE = Automatic;
				DEVELOPMENT_TEAM = XZ26JYG8YG;
				INFOPLIST_FILE = Instagram/Info.plist;
				IPHONEOS_DEPLOYMENT_TARGET = 11.0;
				LD_RUNPATH_SEARCH_PATHS = (
					"$(inherited)",
					"@executable_path/Frameworks",
				);
				PRODUCT_BUNDLE_IDENTIFIER = com.arpitmheshwari.Instagram;
				PRODUCT_NAME = "$(TARGET_NAME)";
				SWIFT_VERSION = 4.2;
				TARGETED_DEVICE_FAMILY = "1,2";
			};
			name = Release;
		};
/* End XCBuildConfiguration section */

/* Begin XCConfigurationList section */
		7ABA9748220D89B200A77472 /* Build configuration list for PBXProject "Instagram" */ = {
			isa = XCConfigurationList;
			buildConfigurations = (
				7ABA975D220D89BC00A77472 /* Debug */,
				7ABA975E220D89BC00A77472 /* Release */,
			);
			defaultConfigurationIsVisible = 0;
			defaultConfigurationName = Release;
		};
		7ABA975F220D89BC00A77472 /* Build configuration list for PBXNativeTarget "Instagram" */ = {
			isa = XCConfigurationList;
			buildConfigurations = (
				7ABA9760220D89BC00A77472 /* Debug */,
				7ABA9761220D89BC00A77472 /* Release */,
			);
			defaultConfigurationIsVisible = 0;
			defaultConfigurationName = Release;
		};
/* End XCConfigurationList section */
	};
	rootObject = 7ABA9745220D89B200A77472 /* Project object */;
}
